
Microsoft Visual Studio Solution File, Format Version 12.00
# Visual Studio Version 17
VisualStudioVersion = 17.11.35208.52
MinimumVisualStudioVersion = 10.0.40219.1
Project("{FAE04EC0-301F-11D3-BF4B-00C04F79EFBC}") = "MiniräknareSlutgiltig", "MiniräknareSlutgiltig\MiniräknareSlutgiltig.csproj", "{46387588-4BA3-4FD3-B271-932F0EF29403}"
EndProject
Global
	GlobalSection(SolutionConfigurationPlatforms) = preSolution
		Debug|Any CPU = Debug|Any CPU
		Release|Any CPU = Release|Any CPU
	EndGlobalSection
	GlobalSection(ProjectConfigurationPlatforms) = postSolution
		{46387588-4BA3-4FD3-B271-932F0EF29403}.Debug|Any CPU.ActiveCfg = Debug|Any CPU
		{46387588-4BA3-4FD3-B271-932F0EF29403}.Debug|Any CPU.Build.0 = Debug|Any CPU
		{46387588-4BA3-4FD3-B271-932F0EF29403}.Release|Any CPU.ActiveCfg = Release|Any CPU
		{46387588-4BA3-4FD3-B271-932F0EF29403}.Release|Any CPU.Build.0 = Release|Any CPU
	EndGlobalSection
	GlobalSection(SolutionProperties) = preSolution
		HideSolutionNode = FALSE
	EndGlobalSection
	GlobalSection(ExtensibilityGlobals) = postSolution
		SolutionGuid = {EA8B6E51-35F3-4146-84B1-7732D5FAB0D9}
	EndGlobalSection
EndGlobal
